
Microsoft Visual Studio Solution File, Format Version 12.00
# Visual Studio Version 17
VisualStudioVersion = 17.14.36414.22 d17.14
MinimumVisualStudioVersion = 10.0.40219.1
Project("{FAE04EC0-301F-11D3-BF4B-00C04F79EFBC}") = "ZKTecoWindowsService", "ZKTecoWindowsService.csproj", "{B01D58C3-37DE-4451-A01E-0374A65B7C81}"
EndProject
Global
	GlobalSection(SolutionConfigurationPlatforms) = preSolution
		Debug|Any CPU = Debug|Any CPU
		Release|Any CPU = Release|Any CPU
	EndGlobalSection
	GlobalSection(ProjectConfigurationPlatforms) = postSolution
		{B01D58C3-37DE-4451-A01E-0374A65B7C81}.Debug|Any CPU.ActiveCfg = Debug|Any CPU
		{B01D58C3-37DE-4451-A01E-0374A65B7C81}.Debug|Any CPU.Build.0 = Debug|Any CPU
		{B01D58C3-37DE-4451-A01E-0374A65B7C81}.Release|Any CPU.ActiveCfg = Release|Any CPU
		{B01D58C3-37DE-4451-A01E-0374A65B7C81}.Release|Any CPU.Build.0 = Release|Any CPU
	EndGlobalSection
	GlobalSection(SolutionProperties) = preSolution
		HideSolutionNode = FALSE
	EndGlobalSection
	GlobalSection(ExtensibilityGlobals) = postSolution
		SolutionGuid = {D86BEB42-011E-49B2-980D-AFDEDF07D252}
	EndGlobalSection
EndGlobal
